PODS:
  - AlertToast (1.3.7)
  - DolphinMoveSDK (2.6.7.275)

DEPENDENCIES:
  - AlertToast
  - DolphinMoveSDK (~> 2.6.7)

SPEC REPOS:
  trunk:
    - AlertToast
    - DolphinMoveSDK

SPEC CHECKSUMS:
  AlertToast: 8c9d5efb2df6ea728b32b62bce99d876ec3e5393
  DolphinMoveSDK: 934cda996b4ae08a0ec4df5b40571c06c80b80c2

PODFILE CHECKSUM: ba8db45bfb2c2f90bc3fce3d1d73772119a26bf8

COCOAPODS: 1.14.3
