PODS:
  - AlertToast (1.3.7)
  - DolphinMoveSDK (2.6.9.276)

DEPENDENCIES:
  - AlertToast
  - DolphinMoveSDK (~> 2.6.9)

SPEC REPOS:
  trunk:
    - AlertToast
    - DolphinMoveSDK

SPEC CHECKSUMS:
  AlertToast: 8c9d5efb2df6ea728b32b62bce99d876ec3e5393
  DolphinMoveSDK: ec09d140a6afadc256aa6c7ce3bb50d9c4955111

PODFILE CHECKSUM: 841bb88cfcf521cd7c0d7ac57cf62d8820942003

COCOAPODS: 1.14.3
